
Microsoft Visual Studio Solution File, Format Version 12.00
# Visual Studio 2012
Project("{FAE04EC0-301F-11D3-BF4B-00C04F79EFBC}") = "HelloWeb", "HelloWeb\HelloWeb.csproj", "{A30815C5-734E-4226-BF69-59D0375331CE}"
EndProject
Global
	GlobalSection(SolutionConfigurationPlatforms) = preSolution
		Debug|Any CPU = Debug|Any CPU
		Release|Any CPU = Release|Any CPU
	EndGlobalSection
	GlobalSection(ProjectConfigurationPlatforms) = postSolution
		{A30815C5-734E-4226-BF69-59D0375331CE}.Debug|Any CPU.ActiveCfg = Debug|Any CPU
		{A30815C5-734E-4226-BF69-59D0375331CE}.Debug|Any CPU.Build.0 = Debug|Any CPU
		{A30815C5-734E-4226-BF69-59D0375331CE}.Release|Any CPU.ActiveCfg = Release|Any CPU
		{A30815C5-734E-4226-BF69-59D0375331CE}.Release|Any CPU.Build.0 = Release|Any CPU
	EndGlobalSection
	GlobalSection(SolutionProperties) = preSolution
		HideSolutionNode = FALSE
	EndGlobalSection
EndGlobal
